
Microsoft Visual Studio Solution File, Format Version 12.00
# Visual Studio Version 16
VisualStudioVersion = 16.0.32228.343
MinimumVisualStudioVersion = 10.0.40219.1
Project("{FAE04EC0-301F-11D3-BF4B-00C04F79EFBC}") = "PermitRequestApp.Api", "PermitRequestApp.Api\PermitRequestApp.Api.csproj", "{8230E7CC-DECD-4F9A-8951-F2A18AAD2126}"
EndProject
Global
	GlobalSection(SolutionConfigurationPlatforms) = preSolution
		Debug|Any CPU = Debug|Any CPU
		Release|Any CPU = Release|Any CPU
	EndGlobalSection
	GlobalSection(ProjectConfigurationPlatforms) = postSolution
		{8230E7CC-DECD-4F9A-8951-F2A18AAD2126}.Debug|Any CPU.ActiveCfg = Debug|Any CPU
		{8230E7CC-DECD-4F9A-8951-F2A18AAD2126}.Debug|Any CPU.Build.0 = Debug|Any CPU
		{8230E7CC-DECD-4F9A-8951-F2A18AAD2126}.Release|Any CPU.ActiveCfg = Release|Any CPU
		{8230E7CC-DECD-4F9A-8951-F2A18AAD2126}.Release|Any CPU.Build.0 = Release|Any CPU
	EndGlobalSection
	GlobalSection(SolutionProperties) = preSolution
		HideSolutionNode = FALSE
	EndGlobalSection
	GlobalSection(ExtensibilityGlobals) = postSolution
		SolutionGuid = {43E9F5D5-DCCA-4367-80A8-48430EA5359C}
	EndGlobalSection
EndGlobal
